
Microsoft Visual Studio Solution File, Format Version 12.00
# Visual Studio Version 17
VisualStudioVersion = 17.14.36511.14 d17.14
MinimumVisualStudioVersion = 10.0.40219.1
Project("{FAE04EC0-301F-11D3-BF4B-00C04F79EFBC}") = "BookListView", "BookListView\BookListView.csproj", "{EC6C3A3C-BE41-44BC-BBCD-30457CF63795}"
EndProject
Global
	GlobalSection(SolutionConfigurationPlatforms) = preSolution
		Debug|Any CPU = Debug|Any CPU
		Release|Any CPU = Release|Any CPU
	EndGlobalSection
	GlobalSection(ProjectConfigurationPlatforms) = postSolution
		{EC6C3A3C-BE41-44BC-BBCD-30457CF63795}.Debug|Any CPU.ActiveCfg = Debug|Any CPU
		{EC6C3A3C-BE41-44BC-BBCD-30457CF63795}.Debug|Any CPU.Build.0 = Debug|Any CPU
		{EC6C3A3C-BE41-44BC-BBCD-30457CF63795}.Release|Any CPU.ActiveCfg = Release|Any CPU
		{EC6C3A3C-BE41-44BC-BBCD-30457CF63795}.Release|Any CPU.Build.0 = Release|Any CPU
	EndGlobalSection
	GlobalSection(SolutionProperties) = preSolution
		HideSolutionNode = FALSE
	EndGlobalSection
	GlobalSection(ExtensibilityGlobals) = postSolution
		SolutionGuid = {F1D91FB4-0278-4D44-8822-E0B7F2C79011}
	EndGlobalSection
EndGlobal
